
Microsoft Visual Studio Solution File, Format Version 12.00
# Visual Studio 2012
Project("{FAE04EC0-301F-11D3-BF4B-00C04F79EFBC}") = "YouTube.Core", "YouTube.Core\YouTube.Core.csproj", "{B293D7E7-8C78-45D0-8692-6FB17E22B186}"
EndProject
Project("{FAE04EC0-301F-11D3-BF4B-00C04F79EFBC}") = "YouTube.iOS", "YouTube.iOS\YouTube.iOS.csproj", "{AB164005-892D-4343-99F9-15E2FDDB75FC}"
EndProject
Project("{FAE04EC0-301F-11D3-BF4B-00C04F79EFBC}") = "YouTube.Android", "YouTube.Android\YouTube.Android.csproj", "{6D9FA34C-E8FA-46FD-B291-A9EB18F3BDD9}"
EndProject
Project("{FAE04EC0-301F-11D3-BF4B-00C04F79EFBC}") = "YouTube.RT", "YouTube.RT\YouTube.RT.csproj", "{079E5060-CE21-4935-8503-BE7931496C8B}"
EndProject
Project("{FAE04EC0-301F-11D3-BF4B-00C04F79EFBC}") = "YouTube.WP8", "YouTube.WP8\YouTube.WP8.csproj", "{3FA157E8-5CE0-41CC-92E8-39B011BF0410}"
EndProject
Global
	GlobalSection(SolutionConfigurationPlatforms) = preSolution
		Ad-Hoc|Any CPU = Ad-Hoc|Any CPU
		Ad-Hoc|ARM = Ad-Hoc|ARM
		Ad-Hoc|iPhone = Ad-Hoc|iPhone
		Ad-Hoc|iPhoneSimulator = Ad-Hoc|iPhoneSimulator
		Ad-Hoc|Mixed Platforms = Ad-Hoc|Mixed Platforms
		Ad-Hoc|x64 = Ad-Hoc|x64
		Ad-Hoc|x86 = Ad-Hoc|x86
		AppStore|Any CPU = AppStore|Any CPU
		AppStore|ARM = AppStore|ARM
		AppStore|iPhone = AppStore|iPhone
		AppStore|iPhoneSimulator = AppStore|iPhoneSimulator
		AppStore|Mixed Platforms = AppStore|Mixed Platforms
		AppStore|x64 = AppStore|x64
		AppStore|x86 = AppStore|x86
		Debug|Any CPU = Debug|Any CPU
		Debug|ARM = Debug|ARM
		Debug|iPhone = Debug|iPhone
		Debug|iPhoneSimulator = Debug|iPhoneSimulator
		Debug|Mixed Platforms = Debug|Mixed Platforms
		Debug|x64 = Debug|x64
		Debug|x86 = Debug|x86
		Release|Any CPU = Release|Any CPU
		Release|ARM = Release|ARM
		Release|iPhone = Release|iPhone
		Release|iPhoneSimulator = Release|iPhoneSimulator
		Release|Mixed Platforms = Release|Mixed Platforms
		Release|x64 = Release|x64
		Release|x86 = Release|x86
	EndGlobalSection
	GlobalSection(ProjectConfigurationPlatforms) = postSolution
		{B293D7E7-8C78-45D0-8692-6FB17E22B186}.Ad-Hoc|Any CPU.ActiveCfg = Release|Any CPU
		{B293D7E7-8C78-45D0-8692-6FB17E22B186}.Ad-Hoc|Any CPU.Build.0 = Release|Any CPU
		{B293D7E7-8C78-45D0-8692-6FB17E22B186}.Ad-Hoc|ARM.ActiveCfg = Debug|Any CPU
		{B293D7E7-8C78-45D0-8692-6FB17E22B186}.Ad-Hoc|iPhone.ActiveCfg = Release|Any CPU
		{B293D7E7-8C78-45D0-8692-6FB17E22B186}.Ad-Hoc|iPhoneSimulator.ActiveCfg = Release|Any CPU
		{B293D7E7-8C78-45D0-8692-6FB17E22B186}.Ad-Hoc|Mixed Platforms.ActiveCfg = Release|Any CPU
		{B293D7E7-8C78-45D0-8692-6FB17E22B186}.Ad-Hoc|Mixed Platforms.Build.0 = Release|Any CPU
		{B293D7E7-8C78-45D0-8692-6FB17E22B186}.Ad-Hoc|x64.ActiveCfg = Debug|Any CPU
		{B293D7E7-8C78-45D0-8692-6FB17E22B186}.Ad-Hoc|x86.ActiveCfg = Debug|Any CPU
		{B293D7E7-8C78-45D0-8692-6FB17E22B186}.AppStore|Any CPU.ActiveCfg = Release|Any CPU
		{B293D7E7-8C78-45D0-8692-6FB17E22B186}.AppStore|Any CPU.Build.0 = Release|Any CPU
		{B293D7E7-8C78-45D0-8692-6FB17E22B186}.AppStore|ARM.ActiveCfg = Debug|Any CPU
		{B293D7E7-8C78-45D0-8692-6FB17E22B186}.AppStore|iPhone.ActiveCfg = Release|Any CPU
		{B293D7E7-8C78-45D0-8692-6FB17E22B186}.AppStore|iPhoneSimulator.ActiveCfg = Release|Any CPU
		{B293D7E7-8C78-45D0-8692-6FB17E22B186}.AppStore|Mixed Platforms.ActiveCfg = Release|Any CPU
		{B293D7E7-8C78-45D0-8692-6FB17E22B186}.AppStore|Mixed Platforms.Build.0 = Release|Any CPU
		{B293D7E7-8C78-45D0-8692-6FB17E22B186}.AppStore|x64.ActiveCfg = Debug|Any CPU
		{B293D7E7-8C78-45D0-8692-6FB17E22B186}.AppStore|x86.ActiveCfg = Debug|Any CPU
		{B293D7E7-8C78-45D0-8692-6FB17E22B186}.Debug|Any CPU.ActiveCfg = Debug|Any CPU
		{B293D7E7-8C78-45D0-8692-6FB17E22B186}.Debug|Any CPU.Build.0 = Debug|Any CPU
		{B293D7E7-8C78-45D0-8692-6FB17E22B186}.Debug|ARM.ActiveCfg = Debug|Any CPU
		{B293D7E7-8C78-45D0-8692-6FB17E22B186}.Debug|iPhone.ActiveCfg = Debug|Any CPU
		{B293D7E7-8C78-45D0-8692-6FB17E22B186}.Debug|iPhoneSimulator.ActiveCfg = Debug|Any CPU
		{B293D7E7-8C78-45D0-8692-6FB17E22B186}.Debug|Mixed Platforms.ActiveCfg = Debug|Any CPU
		{B293D7E7-8C78-45D0-8692-6FB17E22B186}.Debug|Mixed Platforms.Build.0 = Debug|Any CPU
		{B293D7E7-8C78-45D0-8692-6FB17E22B186}.Debug|x64.ActiveCfg = Debug|Any CPU
		{B293D7E7-8C78-45D0-8692-6FB17E22B186}.Debug|x86.ActiveCfg = Debug|Any CPU
		{B293D7E7-8C78-45D0-8692-6FB17E22B186}.Release|Any CPU.ActiveCfg = Release|Any CPU
		{B293D7E7-8C78-45D0-8692-6FB17E22B186}.Release|Any CPU.Build.0 = Release|Any CPU
		{B293D7E7-8C78-45D0-8692-6FB17E22B186}.Release|ARM.ActiveCfg = Release|Any CPU
		{B293D7E7-8C78-45D0-8692-6FB17E22B186}.Release|iPhone.ActiveCfg = Release|Any CPU
		{B293D7E7-8C78-45D0-8692-6FB17E22B186}.Release|iPhoneSimulator.ActiveCfg = Release|Any CPU
		{B293D7E7-8C78-45D0-8692-6FB17E22B186}.Release|Mixed Platforms.ActiveCfg = Release|Any CPU
		{B293D7E7-8C78-45D0-8692-6FB17E22B186}.Release|Mixed Platforms.Build.0 = Release|Any CPU
		{B293D7E7-8C78-45D0-8692-6FB17E22B186}.Release|x64.ActiveCfg = Release|Any CPU
		{B293D7E7-8C78-45D0-8692-6FB17E22B186}.Release|x86.ActiveCfg = Release|Any CPU
		{AB164005-892D-4343-99F9-15E2FDDB75FC}.Ad-Hoc|Any CPU.ActiveCfg = Ad-Hoc|iPhone
		{AB164005-892D-4343-99F9-15E2FDDB75FC}.Ad-Hoc|ARM.ActiveCfg = Ad-Hoc|iPhoneSimulator
		{AB164005-892D-4343-99F9-15E2FDDB75FC}.Ad-Hoc|iPhone.ActiveCfg = Ad-Hoc|iPhone
		{AB164005-892D-4343-99F9-15E2FDDB75FC}.Ad-Hoc|iPhone.Build.0 = Ad-Hoc|iPhone
		{AB164005-892D-4343-99F9-15E2FDDB75FC}.Ad-Hoc|iPhoneSimulator.ActiveCfg = Ad-Hoc|iPhoneSimulator
		{AB164005-892D-4343-99F9-15E2FDDB75FC}.Ad-Hoc|iPhoneSimulator.Build.0 = Ad-Hoc|iPhoneSimulator
		{AB164005-892D-4343-99F9-15E2FDDB75FC}.Ad-Hoc|Mixed Platforms.ActiveCfg = Ad-Hoc|iPhone
		{AB164005-892D-4343-99F9-15E2FDDB75FC}.Ad-Hoc|Mixed Platforms.Build.0 = Ad-Hoc|iPhone
		{AB164005-892D-4343-99F9-15E2FDDB75FC}.Ad-Hoc|x64.ActiveCfg = Ad-Hoc|iPhoneSimulator
		{AB164005-892D-4343-99F9-15E2FDDB75FC}.Ad-Hoc|x86.ActiveCfg = Ad-Hoc|iPhoneSimulator
		{AB164005-892D-4343-99F9-15E2FDDB75FC}.AppStore|Any CPU.ActiveCfg = AppStore|iPhone
		{AB164005-892D-4343-99F9-15E2FDDB75FC}.AppStore|ARM.ActiveCfg = AppStore|iPhoneSimulator
		{AB164005-892D-4343-99F9-15E2FDDB75FC}.AppStore|iPhone.ActiveCfg = AppStore|iPhone
		{AB164005-892D-4343-99F9-15E2FDDB75FC}.AppStore|iPhone.Build.0 = AppStore|iPhone
		{AB164005-892D-4343-99F9-15E2FDDB75FC}.AppStore|iPhoneSimulator.ActiveCfg = AppStore|iPhoneSimulator
		{AB164005-892D-4343-99F9-15E2FDDB75FC}.AppStore|iPhoneSimulator.Build.0 = AppStore|iPhoneSimulator
		{AB164005-892D-4343-99F9-15E2FDDB75FC}.AppStore|Mixed Platforms.ActiveCfg = AppStore|iPhone
		{AB164005-892D-4343-99F9-15E2FDDB75FC}.AppStore|Mixed Platforms.Build.0 = AppStore|iPhone
		{AB164005-892D-4343-99F9-15E2FDDB75FC}.AppStore|x64.ActiveCfg = AppStore|iPhoneSimulator
		{AB164005-892D-4343-99F9-15E2FDDB75FC}.AppStore|x86.ActiveCfg = AppStore|iPhoneSimulator
		{AB164005-892D-4343-99F9-15E2FDDB75FC}.Debug|Any CPU.ActiveCfg = Debug|iPhone
		{AB164005-892D-4343-99F9-15E2FDDB75FC}.Debug|ARM.ActiveCfg = Debug|iPhoneSimulator
		{AB164005-892D-4343-99F9-15E2FDDB75FC}.Debug|iPhone.ActiveCfg = Debug|iPhone
		{AB164005-892D-4343-99F9-15E2FDDB75FC}.Debug|iPhone.Build.0 = Debug|iPhone
		{AB164005-892D-4343-99F9-15E2FDDB75FC}.Debug|iPhoneSimulator.ActiveCfg = Debug|iPhoneSimulator
		{AB164005-892D-4343-99F9-15E2FDDB75FC}.Debug|iPhoneSimulator.Build.0 = Debug|iPhoneSimulator
		{AB164005-892D-4343-99F9-15E2FDDB75FC}.Debug|Mixed Platforms.ActiveCfg = Debug|iPhone
		{AB164005-892D-4343-99F9-15E2FDDB75FC}.Debug|Mixed Platforms.Build.0 = Debug|iPhone
		{AB164005-892D-4343-99F9-15E2FDDB75FC}.Debug|x64.ActiveCfg = Debug|iPhoneSimulator
		{AB164005-892D-4343-99F9-15E2FDDB75FC}.Debug|x86.ActiveCfg = Debug|iPhoneSimulator
		{AB164005-892D-4343-99F9-15E2FDDB75FC}.Release|Any CPU.ActiveCfg = Release|iPhone
		{AB164005-892D-4343-99F9-15E2FDDB75FC}.Release|ARM.ActiveCfg = Release|iPhoneSimulator
		{AB164005-892D-4343-99F9-15E2FDDB75FC}.Release|iPhone.ActiveCfg = Release|iPhone
		{AB164005-892D-4343-99F9-15E2FDDB75FC}.Release|iPhone.Build.0 = Release|iPhone
		{AB164005-892D-4343-99F9-15E2FDDB75FC}.Release|iPhoneSimulator.ActiveCfg = Release|iPhoneSimulator
		{AB164005-892D-4343-99F9-15E2FDDB75FC}.Release|iPhoneSimulator.Build.0 = Release|iPhoneSimulator
		{AB164005-892D-4343-99F9-15E2FDDB75FC}.Release|Mixed Platforms.ActiveCfg = Release|iPhone
		{AB164005-892D-4343-99F9-15E2FDDB75FC}.Release|Mixed Platforms.Build.0 = Release|iPhone
		{AB164005-892D-4343-99F9-15E2FDDB75FC}.Release|x64.ActiveCfg = Release|iPhoneSimulator
		{AB164005-892D-4343-99F9-15E2FDDB75FC}.Release|x86.ActiveCfg = Release|iPhoneSimulator
		{6D9FA34C-E8FA-46FD-B291-A9EB18F3BDD9}.Ad-Hoc|Any CPU.ActiveCfg = Release|Any CPU
		{6D9FA34C-E8FA-46FD-B291-A9EB18F3BDD9}.Ad-Hoc|Any CPU.Build.0 = Release|Any CPU
		{6D9FA34C-E8FA-46FD-B291-A9EB18F3BDD9}.Ad-Hoc|Any CPU.Deploy.0 = Release|Any CPU
		{6D9FA34C-E8FA-46FD-B291-A9EB18F3BDD9}.Ad-Hoc|ARM.ActiveCfg = Debug|Any CPU
		{6D9FA34C-E8FA-46FD-B291-A9EB18F3BDD9}.Ad-Hoc|iPhone.ActiveCfg = Release|Any CPU
		{6D9FA34C-E8FA-46FD-B291-A9EB18F3BDD9}.Ad-Hoc|iPhoneSimulator.ActiveCfg = Release|Any CPU
		{6D9FA34C-E8FA-46FD-B291-A9EB18F3BDD9}.Ad-Hoc|Mixed Platforms.ActiveCfg = Release|Any CPU
		{6D9FA34C-E8FA-46FD-B291-A9EB18F3BDD9}.Ad-Hoc|Mixed Platforms.Build.0 = Release|Any CPU
		{6D9FA34C-E8FA-46FD-B291-A9EB18F3BDD9}.Ad-Hoc|Mixed Platforms.Deploy.0 = Release|Any CPU
		{6D9FA34C-E8FA-46FD-B291-A9EB18F3BDD9}.Ad-Hoc|x64.ActiveCfg = Debug|Any CPU
		{6D9FA34C-E8FA-46FD-B291-A9EB18F3BDD9}.Ad-Hoc|x86.ActiveCfg = Debug|Any CPU
		{6D9FA34C-E8FA-46FD-B291-A9EB18F3BDD9}.AppStore|Any CPU.ActiveCfg = Release|Any CPU
		{6D9FA34C-E8FA-46FD-B291-A9EB18F3BDD9}.AppStore|Any CPU.Build.0 = Release|Any CPU
		{6D9FA34C-E8FA-46FD-B291-A9EB18F3BDD9}.AppStore|Any CPU.Deploy.0 = Release|Any CPU
		{6D9FA34C-E8FA-46FD-B291-A9EB18F3BDD9}.AppStore|ARM.ActiveCfg = Debug|Any CPU
		{6D9FA34C-E8FA-46FD-B291-A9EB18F3BDD9}.AppStore|iPhone.ActiveCfg = Release|Any CPU
		{6D9FA34C-E8FA-46FD-B291-A9EB18F3BDD9}.AppStore|iPhoneSimulator.ActiveCfg = Release|Any CPU
		{6D9FA34C-E8FA-46FD-B291-A9EB18F3BDD9}.AppStore|Mixed Platforms.ActiveCfg = Release|Any CPU
		{6D9FA34C-E8FA-46FD-B291-A9EB18F3BDD9}.AppStore|Mixed Platforms.Build.0 = Release|Any CPU
		{6D9FA34C-E8FA-46FD-B291-A9EB18F3BDD9}.AppStore|Mixed Platforms.Deploy.0 = Release|Any CPU
		{6D9FA34C-E8FA-46FD-B291-A9EB18F3BDD9}.AppStore|x64.ActiveCfg = Debug|Any CPU
		{6D9FA34C-E8FA-46FD-B291-A9EB18F3BDD9}.AppStore|x86.ActiveCfg = Debug|Any CPU
		{6D9FA34C-E8FA-46FD-B291-A9EB18F3BDD9}.Debug|Any CPU.ActiveCfg = Debug|Any CPU
		{6D9FA34C-E8FA-46FD-B291-A9EB18F3BDD9}.Debug|Any CPU.Build.0 = Debug|Any CPU
		{6D9FA34C-E8FA-46FD-B291-A9EB18F3BDD9}.Debug|Any CPU.Deploy.0 = Debug|Any CPU
		{6D9FA34C-E8FA-46FD-B291-A9EB18F3BDD9}.Debug|ARM.ActiveCfg = Debug|Any CPU
		{6D9FA34C-E8FA-46FD-B291-A9EB18F3BDD9}.Debug|iPhone.ActiveCfg = Debug|Any CPU
		{6D9FA34C-E8FA-46FD-B291-A9EB18F3BDD9}.Debug|iPhoneSimulator.ActiveCfg = Debug|Any CPU
		{6D9FA34C-E8FA-46FD-B291-A9EB18F3BDD9}.Debug|Mixed Platforms.ActiveCfg = Debug|Any CPU
		{6D9FA34C-E8FA-46FD-B291-A9EB18F3BDD9}.Debug|Mixed Platforms.Build.0 = Debug|Any CPU
		{6D9FA34C-E8FA-46FD-B291-A9EB18F3BDD9}.Debug|Mixed Platforms.Deploy.0 = Debug|Any CPU
		{6D9FA34C-E8FA-46FD-B291-A9EB18F3BDD9}.Debug|x64.ActiveCfg = Debug|Any CPU
		{6D9FA34C-E8FA-46FD-B291-A9EB18F3BDD9}.Debug|x86.ActiveCfg = Debug|Any CPU
		{6D9FA34C-E8FA-46FD-B291-A9EB18F3BDD9}.Release|Any CPU.ActiveCfg = Release|Any CPU
		{6D9FA34C-E8FA-46FD-B291-A9EB18F3BDD9}.Release|Any CPU.Build.0 = Release|Any CPU
		{6D9FA34C-E8FA-46FD-B291-A9EB18F3BDD9}.Release|Any CPU.Deploy.0 = Release|Any CPU
		{6D9FA34C-E8FA-46FD-B291-A9EB18F3BDD9}.Release|ARM.ActiveCfg = Release|Any CPU
		{6D9FA34C-E8FA-46FD-B291-A9EB18F3BDD9}.Release|iPhone.ActiveCfg = Release|Any CPU
		{6D9FA34C-E8FA-46FD-B291-A9EB18F3BDD9}.Release|iPhoneSimulator.ActiveCfg = Release|Any CPU
		{6D9FA34C-E8FA-46FD-B291-A9EB18F3BDD9}.Release|Mixed Platforms.ActiveCfg = Release|Any CPU
		{6D9FA34C-E8FA-46FD-B291-A9EB18F3BDD9}.Release|Mixed Platforms.Build.0 = Release|Any CPU
		{6D9FA34C-E8FA-46FD-B291-A9EB18F3BDD9}.Release|Mixed Platforms.Deploy.0 = Release|Any CPU
		{6D9FA34C-E8FA-46FD-B291-A9EB18F3BDD9}.Release|x64.ActiveCfg = Release|Any CPU
		{6D9FA34C-E8FA-46FD-B291-A9EB18F3BDD9}.Release|x86.ActiveCfg = Release|Any CPU
		{079E5060-CE21-4935-8503-BE7931496C8B}.Ad-Hoc|Any CPU.ActiveCfg = Release|Any CPU
		{079E5060-CE21-4935-8503-BE7931496C8B}.Ad-Hoc|Any CPU.Build.0 = Release|Any CPU
		{079E5060-CE21-4935-8503-BE7931496C8B}.Ad-Hoc|Any CPU.Deploy.0 = Release|Any CPU
		{079E5060-CE21-4935-8503-BE7931496C8B}.Ad-Hoc|ARM.ActiveCfg = Release|ARM
		{079E5060-CE21-4935-8503-BE7931496C8B}.Ad-Hoc|ARM.Build.0 = Release|ARM
		{079E5060-CE21-4935-8503-BE7931496C8B}.Ad-Hoc|ARM.Deploy.0 = Release|ARM
		{079E5060-CE21-4935-8503-BE7931496C8B}.Ad-Hoc|iPhone.ActiveCfg = Release|Any CPU
		{079E5060-CE21-4935-8503-BE7931496C8B}.Ad-Hoc|iPhoneSimulator.ActiveCfg = Release|Any CPU
		{079E5060-CE21-4935-8503-BE7931496C8B}.Ad-Hoc|Mixed Platforms.ActiveCfg = Release|x86
		{079E5060-CE21-4935-8503-BE7931496C8B}.Ad-Hoc|Mixed Platforms.Build.0 = Release|x86
		{079E5060-CE21-4935-8503-BE7931496C8B}.Ad-Hoc|Mixed Platforms.Deploy.0 = Release|x86
		{079E5060-CE21-4935-8503-BE7931496C8B}.Ad-Hoc|x64.ActiveCfg = Release|x64
		{079E5060-CE21-4935-8503-BE7931496C8B}.Ad-Hoc|x64.Build.0 = Release|x64
		{079E5060-CE21-4935-8503-BE7931496C8B}.Ad-Hoc|x64.Deploy.0 = Release|x64
		{079E5060-CE21-4935-8503-BE7931496C8B}.Ad-Hoc|x86.ActiveCfg = Release|x86
		{079E5060-CE21-4935-8503-BE7931496C8B}.Ad-Hoc|x86.Build.0 = Release|x86
		{079E5060-CE21-4935-8503-BE7931496C8B}.Ad-Hoc|x86.Deploy.0 = Release|x86
		{079E5060-CE21-4935-8503-BE7931496C8B}.AppStore|Any CPU.ActiveCfg = Release|Any CPU
		{079E5060-CE21-4935-8503-BE7931496C8B}.AppStore|Any CPU.Build.0 = Release|Any CPU
		{079E5060-CE21-4935-8503-BE7931496C8B}.AppStore|Any CPU.Deploy.0 = Release|Any CPU
		{079E5060-CE21-4935-8503-BE7931496C8B}.AppStore|ARM.ActiveCfg = Release|ARM
		{079E5060-CE21-4935-8503-BE7931496C8B}.AppStore|ARM.Build.0 = Release|ARM
		{079E5060-CE21-4935-8503-BE7931496C8B}.AppStore|ARM.Deploy.0 = Release|ARM
		{079E5060-CE21-4935-8503-BE7931496C8B}.AppStore|iPhone.ActiveCfg = Release|Any CPU
		{079E5060-CE21-4935-8503-BE7931496C8B}.AppStore|iPhoneSimulator.ActiveCfg = Release|Any CPU
		{079E5060-CE21-4935-8503-BE7931496C8B}.AppStore|Mixed Platforms.ActiveCfg = Release|x86
		{079E5060-CE21-4935-8503-BE7931496C8B}.AppStore|Mixed Platforms.Build.0 = Release|x86
		{079E5060-CE21-4935-8503-BE7931496C8B}.AppStore|Mixed Platforms.Deploy.0 = Release|x86
		{079E5060-CE21-4935-8503-BE7931496C8B}.AppStore|x64.ActiveCfg = Release|x64
		{079E5060-CE21-4935-8503-BE7931496C8B}.AppStore|x64.Build.0 = Release|x64
		{079E5060-CE21-4935-8503-BE7931496C8B}.AppStore|x64.Deploy.0 = Release|x64
		{079E5060-CE21-4935-8503-BE7931496C8B}.AppStore|x86.ActiveCfg = Release|x86
		{079E5060-CE21-4935-8503-BE7931496C8B}.AppStore|x86.Build.0 = Release|x86
		{079E5060-CE21-4935-8503-BE7931496C8B}.AppStore|x86.Deploy.0 = Release|x86
		{079E5060-CE21-4935-8503-BE7931496C8B}.Debug|Any CPU.ActiveCfg = Debug|Any CPU
		{079E5060-CE21-4935-8503-BE7931496C8B}.Debug|Any CPU.Build.0 = Debug|Any CPU
		{079E5060-CE21-4935-8503-BE7931496C8B}.Debug|Any CPU.Deploy.0 = Debug|Any CPU
		{079E5060-CE21-4935-8503-BE7931496C8B}.Debug|ARM.ActiveCfg = Debug|ARM
		{079E5060-CE21-4935-8503-BE7931496C8B}.Debug|ARM.Build.0 = Debug|ARM
		{079E5060-CE21-4935-8503-BE7931496C8B}.Debug|ARM.Deploy.0 = Debug|ARM
		{079E5060-CE21-4935-8503-BE7931496C8B}.Debug|iPhone.ActiveCfg = Debug|Any CPU
		{079E5060-CE21-4935-8503-BE7931496C8B}.Debug|iPhoneSimulator.ActiveCfg = Debug|Any CPU
		{079E5060-CE21-4935-8503-BE7931496C8B}.Debug|Mixed Platforms.ActiveCfg = Debug|x86
		{079E5060-CE21-4935-8503-BE7931496C8B}.Debug|Mixed Platforms.Build.0 = Debug|x86
		{079E5060-CE21-4935-8503-BE7931496C8B}.Debug|Mixed Platforms.Deploy.0 = Debug|x86
		{079E5060-CE21-4935-8503-BE7931496C8B}.Debug|x64.ActiveCfg = Debug|x64
		{079E5060-CE21-4935-8503-BE7931496C8B}.Debug|x64.Build.0 = Debug|x64
		{079E5060-CE21-4935-8503-BE7931496C8B}.Debug|x64.Deploy.0 = Debug|x64
		{079E5060-CE21-4935-8503-BE7931496C8B}.Debug|x86.ActiveCfg = Debug|x86
		{079E5060-CE21-4935-8503-BE7931496C8B}.Debug|x86.Build.0 = Debug|x86
		{079E5060-CE21-4935-8503-BE7931496C8B}.Debug|x86.Deploy.0 = Debug|x86
		{079E5060-CE21-4935-8503-BE7931496C8B}.Release|Any CPU.ActiveCfg = Release|Any CPU
		{079E5060-CE21-4935-8503-BE7931496C8B}.Release|Any CPU.Build.0 = Release|Any CPU
		{079E5060-CE21-4935-8503-BE7931496C8B}.Release|Any CPU.Deploy.0 = Release|Any CPU
		{079E5060-CE21-4935-8503-BE7931496C8B}.Release|ARM.ActiveCfg = Release|ARM
		{079E5060-CE21-4935-8503-BE7931496C8B}.Release|ARM.Build.0 = Release|ARM
		{079E5060-CE21-4935-8503-BE7931496C8B}.Release|ARM.Deploy.0 = Release|ARM
		{079E5060-CE21-4935-8503-BE7931496C8B}.Release|iPhone.ActiveCfg = Release|Any CPU
		{079E5060-CE21-4935-8503-BE7931496C8B}.Release|iPhoneSimulator.ActiveCfg = Release|Any CPU
		{079E5060-CE21-4935-8503-BE7931496C8B}.Release|Mixed Platforms.ActiveCfg = Release|x86
		{079E5060-CE21-4935-8503-BE7931496C8B}.Release|Mixed Platforms.Build.0 = Release|x86
		{079E5060-CE21-4935-8503-BE7931496C8B}.Release|Mixed Platforms.Deploy.0 = Release|x86
		{079E5060-CE21-4935-8503-BE7931496C8B}.Release|x64.ActiveCfg = Release|x64
		{079E5060-CE21-4935-8503-BE7931496C8B}.Release|x64.Build.0 = Release|x64
		{079E5060-CE21-4935-8503-BE7931496C8B}.Release|x64.Deploy.0 = Release|x64
		{079E5060-CE21-4935-8503-BE7931496C8B}.Release|x86.ActiveCfg = Release|x86
		{079E5060-CE21-4935-8503-BE7931496C8B}.Release|x86.Build.0 = Release|x86
		{079E5060-CE21-4935-8503-BE7931496C8B}.Release|x86.Deploy.0 = Release|x86
		{3FA157E8-5CE0-41CC-92E8-39B011BF0410}.Ad-Hoc|Any CPU.ActiveCfg = Release|Any CPU
		{3FA157E8-5CE0-41CC-92E8-39B011BF0410}.Ad-Hoc|Any CPU.Build.0 = Release|Any CPU
		{3FA157E8-5CE0-41CC-92E8-39B011BF0410}.Ad-Hoc|Any CPU.Deploy.0 = Release|Any CPU
		{3FA157E8-5CE0-41CC-92E8-39B011BF0410}.Ad-Hoc|ARM.ActiveCfg = Release|ARM
		{3FA157E8-5CE0-41CC-92E8-39B011BF0410}.Ad-Hoc|ARM.Build.0 = Release|ARM
		{3FA157E8-5CE0-41CC-92E8-39B011BF0410}.Ad-Hoc|ARM.Deploy.0 = Release|ARM
		{3FA157E8-5CE0-41CC-92E8-39B011BF0410}.Ad-Hoc|iPhone.ActiveCfg = Release|Any CPU
		{3FA157E8-5CE0-41CC-92E8-39B011BF0410}.Ad-Hoc|iPhoneSimulator.ActiveCfg = Release|Any CPU
		{3FA157E8-5CE0-41CC-92E8-39B011BF0410}.Ad-Hoc|Mixed Platforms.ActiveCfg = Release|x86
		{3FA157E8-5CE0-41CC-92E8-39B011BF0410}.Ad-Hoc|Mixed Platforms.Build.0 = Release|x86
		{3FA157E8-5CE0-41CC-92E8-39B011BF0410}.Ad-Hoc|Mixed Platforms.Deploy.0 = Release|x86
		{3FA157E8-5CE0-41CC-92E8-39B011BF0410}.Ad-Hoc|x64.ActiveCfg = Release|Any CPU
		{3FA157E8-5CE0-41CC-92E8-39B011BF0410}.Ad-Hoc|x86.ActiveCfg = Release|x86
		{3FA157E8-5CE0-41CC-92E8-39B011BF0410}.Ad-Hoc|x86.Build.0 = Release|x86
		{3FA157E8-5CE0-41CC-92E8-39B011BF0410}.Ad-Hoc|x86.Deploy.0 = Release|x86
		{3FA157E8-5CE0-41CC-92E8-39B011BF0410}.AppStore|Any CPU.ActiveCfg = Release|Any CPU
		{3FA157E8-5CE0-41CC-92E8-39B011BF0410}.AppStore|Any CPU.Build.0 = Release|Any CPU
		{3FA157E8-5CE0-41CC-92E8-39B011BF0410}.AppStore|Any CPU.Deploy.0 = Release|Any CPU
		{3FA157E8-5CE0-41CC-92E8-39B011BF0410}.AppStore|ARM.ActiveCfg = Release|ARM
		{3FA157E8-5CE0-41CC-92E8-39B011BF0410}.AppStore|ARM.Build.0 = Release|ARM
		{3FA157E8-5CE0-41CC-92E8-39B011BF0410}.AppStore|ARM.Deploy.0 = Release|ARM
		{3FA157E8-5CE0-41CC-92E8-39B011BF0410}.AppStore|iPhone.ActiveCfg = Release|Any CPU
		{3FA157E8-5CE0-41CC-92E8-39B011BF0410}.AppStore|iPhoneSimulator.ActiveCfg = Release|Any CPU
		{3FA157E8-5CE0-41CC-92E8-39B011BF0410}.AppStore|Mixed Platforms.ActiveCfg = Release|x86
		{3FA157E8-5CE0-41CC-92E8-39B011BF0410}.AppStore|Mixed Platforms.Build.0 = Release|x86
		{3FA157E8-5CE0-41CC-92E8-39B011BF0410}.AppStore|Mixed Platforms.Deploy.0 = Release|x86
		{3FA157E8-5CE0-41CC-92E8-39B011BF0410}.AppStore|x64.ActiveCfg = Release|Any CPU
		{3FA157E8-5CE0-41CC-92E8-39B011BF0410}.AppStore|x86.ActiveCfg = Release|x86
		{3FA157E8-5CE0-41CC-92E8-39B011BF0410}.AppStore|x86.Build.0 = Release|x86
		{3FA157E8-5CE0-41CC-92E8-39B011BF0410}.AppStore|x86.Deploy.0 = Release|x86
		{3FA157E8-5CE0-41CC-92E8-39B011BF0410}.Debug|Any CPU.ActiveCfg = Debug|Any CPU
		{3FA157E8-5CE0-41CC-92E8-39B011BF0410}.Debug|Any CPU.Build.0 = Debug|Any CPU
		{3FA157E8-5CE0-41CC-92E8-39B011BF0410}.Debug|Any CPU.Deploy.0 = Debug|Any CPU
		{3FA157E8-5CE0-41CC-92E8-39B011BF0410}.Debug|ARM.ActiveCfg = Debug|ARM
		{3FA157E8-5CE0-41CC-92E8-39B011BF0410}.Debug|ARM.Build.0 = Debug|ARM
		{3FA157E8-5CE0-41CC-92E8-39B011BF0410}.Debug|ARM.Deploy.0 = Debug|ARM
		{3FA157E8-5CE0-41CC-92E8-39B011BF0410}.Debug|iPhone.ActiveCfg = Debug|Any CPU
		{3FA157E8-5CE0-41CC-92E8-39B011BF0410}.Debug|iPhoneSimulator.ActiveCfg = Debug|Any CPU
		{3FA157E8-5CE0-41CC-92E8-39B011BF0410}.Debug|Mixed Platforms.ActiveCfg = Debug|x86
		{3FA157E8-5CE0-41CC-92E8-39B011BF0410}.Debug|Mixed Platforms.Build.0 = Debug|x86
		{3FA157E8-5CE0-41CC-92E8-39B011BF0410}.Debug|Mixed Platforms.Deploy.0 = Debug|x86
		{3FA157E8-5CE0-41CC-92E8-39B011BF0410}.Debug|x64.ActiveCfg = Debug|Any CPU
		{3FA157E8-5CE0-41CC-92E8-39B011BF0410}.Debug|x86.ActiveCfg = Debug|x86
		{3FA157E8-5CE0-41CC-92E8-39B011BF0410}.Debug|x86.Build.0 = Debug|x86
		{3FA157E8-5CE0-41CC-92E8-39B011BF0410}.Debug|x86.Deploy.0 = Debug|x86
		{3FA157E8-5CE0-41CC-92E8-39B011BF0410}.Release|Any CPU.ActiveCfg = Release|Any CPU
		{3FA157E8-5CE0-41CC-92E8-39B011BF0410}.Release|Any CPU.Build.0 = Release|Any CPU
		{3FA157E8-5CE0-41CC-92E8-39B011BF0410}.Release|Any CPU.Deploy.0 = Release|Any CPU
		{3FA157E8-5CE0-41CC-92E8-39B011BF0410}.Release|ARM.ActiveCfg = Release|ARM
		{3FA157E8-5CE0-41CC-92E8-39B011BF0410}.Release|ARM.Build.0 = Release|ARM
		{3FA157E8-5CE0-41CC-92E8-39B011BF0410}.Release|ARM.Deploy.0 = Release|ARM
		{3FA157E8-5CE0-41CC-92E8-39B011BF0410}.Release|iPhone.ActiveCfg = Release|Any CPU
		{3FA157E8-5CE0-41CC-92E8-39B011BF0410}.Release|iPhoneSimulator.ActiveCfg = Release|Any CPU
		{3FA157E8-5CE0-41CC-92E8-39B011BF0410}.Release|Mixed Platforms.ActiveCfg = Release|x86
		{3FA157E8-5CE0-41CC-92E8-39B011BF0410}.Release|Mixed Platforms.Build.0 = Release|x86
		{3FA157E8-5CE0-41CC-92E8-39B011BF0410}.Release|Mixed Platforms.Deploy.0 = Release|x86
		{3FA157E8-5CE0-41CC-92E8-39B011BF0410}.Release|x64.ActiveCfg = Release|Any CPU
		{3FA157E8-5CE0-41CC-92E8-39B011BF0410}.Release|x86.ActiveCfg = Release|x86
		{3FA157E8-5CE0-41CC-92E8-39B011BF0410}.Release|x86.Build.0 = Release|x86
		{3FA157E8-5CE0-41CC-92E8-39B011BF0410}.Release|x86.Deploy.0 = Release|x86
	EndGlobalSection
	GlobalSection(SolutionProperties) = preSolution
		HideSolutionNode = FALSE
	EndGlobalSection
	GlobalSection(MonoDevelopProperties) = preSolution
		StartupItem = YouTube.Android\YouTube.Android.csproj
	EndGlobalSection
EndGlobal
